
Microsoft Visual Studio Solution File, Format Version 12.00
# Visual Studio Version 17
VisualStudioVersion = 17.10.34804.81
MinimumVisualStudioVersion = 10.0.40219.1
Project("{FAE04EC0-301F-11D3-BF4B-00C04F79EFBC}") = "STA.Api", "STA.Api\STA.Api.csproj", "{87E49E04-EE66-4FEE-B8C9-1683F37AFF23}"
EndProject
Project("{2150E333-8FDC-42A3-9474-1A3956D46DE8}") = "Api", "Api", "{813356BE-DBEC-44BF-925F-E67E8FFB0D68}"
EndProject
Project("{2150E333-8FDC-42A3-9474-1A3956D46DE8}") = "Core", "Core", "{4B1D32D3-7918-4E58-8536-DD0BD82929A4}"
EndProject
Project("{2150E333-8FDC-42A3-9474-1A3956D46DE8}") = "Data", "Data", "{C97C9D4C-3836-49DD-8D44-900FEB4D414A}"
EndProject
Project("{2150E333-8FDC-42A3-9474-1A3956D46DE8}") = "Solution Items", "Solution Items", "{F9C33CEA-CD7C-4FF5-ABF2-C83CFB81B7E2}"
	ProjectSection(SolutionItems) = preProject
		..\README.md = ..\README.md
	EndProjectSection
EndProject
Project("{2150E333-8FDC-42A3-9474-1A3956D46DE8}") = "Source", "Source", "{0E4C32DB-315F-4310-89FF-89F794062BB2}"
EndProject
Project("{2150E333-8FDC-42A3-9474-1A3956D46DE8}") = "Tests", "Tests", "{AF634BC1-2E00-44BB-9E39-8176105DAA4A}"
EndProject
Project("{FAE04EC0-301F-11D3-BF4B-00C04F79EFBC}") = "STA.Core.Application", "STA.Core.Application\STA.Core.Application.csproj", "{52988B5D-0740-44B7-99A5-A700F6EB3A21}"
EndProject
Project("{FAE04EC0-301F-11D3-BF4B-00C04F79EFBC}") = "STA.Core.Domain", "STA.Core.Domain\STA.Core.Domain.csproj", "{DC01BC45-7C25-4185-8204-7F9AEE961BD3}"
EndProject
Project("{FAE04EC0-301F-11D3-BF4B-00C04F79EFBC}") = "STA.Core.Auth", "STA.Core.Auth\STA.Core.Auth.csproj", "{913D4B19-67AF-46C4-BA7B-7308699C6287}"
EndProject
Project("{FAE04EC0-301F-11D3-BF4B-00C04F79EFBC}") = "STA.Core.Infra", "STA.Core.Infra\STA.Core.Infra.csproj", "{02F6348E-EB65-443B-B3FC-D8307E875B19}"
EndProject
Project("{FAE04EC0-301F-11D3-BF4B-00C04F79EFBC}") = "STA.Data.Persistence", "STA.Data.Persistence\STA.Data.Persistence.csproj", "{AA937695-FDB0-402C-9C9B-1FF856DA0069}"
EndProject
Project("{FAE04EC0-301F-11D3-BF4B-00C04F79EFBC}") = "STA.Data.Auth", "STA.Data.Auth\STA.Data.Auth.csproj", "{0D225BA6-297A-48DD-A720-9F8FC1282792}"
EndProject
Project("{FAE04EC0-301F-11D3-BF4B-00C04F79EFBC}") = "STA.Data.Infra", "STA.Data.Infra\STA.Data.Infra.csproj", "{01F2A666-6C60-49AD-967B-EBD3BFE164C1}"
EndProject
Project("{FAE04EC0-301F-11D3-BF4B-00C04F79EFBC}") = "STA.Tests.EnvSetup", "STA.Tests.EnvSetup\STA.Tests.EnvSetup.csproj", "{9382F364-3913-4BA3-BA96-F6234E2EAE20}"
EndProject
Global
	GlobalSection(SolutionConfigurationPlatforms) = preSolution
		Debug|Any CPU = Debug|Any CPU
		Release|Any CPU = Release|Any CPU
	EndGlobalSection
	GlobalSection(ProjectConfigurationPlatforms) = postSolution
		{87E49E04-EE66-4FEE-B8C9-1683F37AFF23}.Debug|Any CPU.ActiveCfg = Debug|Any CPU
		{87E49E04-EE66-4FEE-B8C9-1683F37AFF23}.Debug|Any CPU.Build.0 = Debug|Any CPU
		{87E49E04-EE66-4FEE-B8C9-1683F37AFF23}.Release|Any CPU.ActiveCfg = Release|Any CPU
		{87E49E04-EE66-4FEE-B8C9-1683F37AFF23}.Release|Any CPU.Build.0 = Release|Any CPU
		{52988B5D-0740-44B7-99A5-A700F6EB3A21}.Debug|Any CPU.ActiveCfg = Debug|Any CPU
		{52988B5D-0740-44B7-99A5-A700F6EB3A21}.Debug|Any CPU.Build.0 = Debug|Any CPU
		{52988B5D-0740-44B7-99A5-A700F6EB3A21}.Release|Any CPU.ActiveCfg = Release|Any CPU
		{52988B5D-0740-44B7-99A5-A700F6EB3A21}.Release|Any CPU.Build.0 = Release|Any CPU
		{DC01BC45-7C25-4185-8204-7F9AEE961BD3}.Debug|Any CPU.ActiveCfg = Debug|Any CPU
		{DC01BC45-7C25-4185-8204-7F9AEE961BD3}.Debug|Any CPU.Build.0 = Debug|Any CPU
		{DC01BC45-7C25-4185-8204-7F9AEE961BD3}.Release|Any CPU.ActiveCfg = Release|Any CPU
		{DC01BC45-7C25-4185-8204-7F9AEE961BD3}.Release|Any CPU.Build.0 = Release|Any CPU
		{913D4B19-67AF-46C4-BA7B-7308699C6287}.Debug|Any CPU.ActiveCfg = Debug|Any CPU
		{913D4B19-67AF-46C4-BA7B-7308699C6287}.Debug|Any CPU.Build.0 = Debug|Any CPU
		{913D4B19-67AF-46C4-BA7B-7308699C6287}.Release|Any CPU.ActiveCfg = Release|Any CPU
		{913D4B19-67AF-46C4-BA7B-7308699C6287}.Release|Any CPU.Build.0 = Release|Any CPU
		{02F6348E-EB65-443B-B3FC-D8307E875B19}.Debug|Any CPU.ActiveCfg = Debug|Any CPU
		{02F6348E-EB65-443B-B3FC-D8307E875B19}.Debug|Any CPU.Build.0 = Debug|Any CPU
		{02F6348E-EB65-443B-B3FC-D8307E875B19}.Release|Any CPU.ActiveCfg = Release|Any CPU
		{02F6348E-EB65-443B-B3FC-D8307E875B19}.Release|Any CPU.Build.0 = Release|Any CPU
		{AA937695-FDB0-402C-9C9B-1FF856DA0069}.Debug|Any CPU.ActiveCfg = Debug|Any CPU
		{AA937695-FDB0-402C-9C9B-1FF856DA0069}.Debug|Any CPU.Build.0 = Debug|Any CPU
		{AA937695-FDB0-402C-9C9B-1FF856DA0069}.Release|Any CPU.ActiveCfg = Release|Any CPU
		{AA937695-FDB0-402C-9C9B-1FF856DA0069}.Release|Any CPU.Build.0 = Release|Any CPU
		{0D225BA6-297A-48DD-A720-9F8FC1282792}.Debug|Any CPU.ActiveCfg = Debug|Any CPU
		{0D225BA6-297A-48DD-A720-9F8FC1282792}.Debug|Any CPU.Build.0 = Debug|Any CPU
		{0D225BA6-297A-48DD-A720-9F8FC1282792}.Release|Any CPU.ActiveCfg = Release|Any CPU
		{0D225BA6-297A-48DD-A720-9F8FC1282792}.Release|Any CPU.Build.0 = Release|Any CPU
		{01F2A666-6C60-49AD-967B-EBD3BFE164C1}.Debug|Any CPU.ActiveCfg = Debug|Any CPU
		{01F2A666-6C60-49AD-967B-EBD3BFE164C1}.Debug|Any CPU.Build.0 = Debug|Any CPU
		{01F2A666-6C60-49AD-967B-EBD3BFE164C1}.Release|Any CPU.ActiveCfg = Release|Any CPU
		{01F2A666-6C60-49AD-967B-EBD3BFE164C1}.Release|Any CPU.Build.0 = Release|Any CPU
		{9382F364-3913-4BA3-BA96-F6234E2EAE20}.Debug|Any CPU.ActiveCfg = Debug|Any CPU
		{9382F364-3913-4BA3-BA96-F6234E2EAE20}.Debug|Any CPU.Build.0 = Debug|Any CPU
		{9382F364-3913-4BA3-BA96-F6234E2EAE20}.Release|Any CPU.ActiveCfg = Release|Any CPU
		{9382F364-3913-4BA3-BA96-F6234E2EAE20}.Release|Any CPU.Build.0 = Release|Any CPU
	EndGlobalSection
	GlobalSection(SolutionProperties) = preSolution
		HideSolutionNode = FALSE
	EndGlobalSection
	GlobalSection(NestedProjects) = preSolution
		{87E49E04-EE66-4FEE-B8C9-1683F37AFF23} = {813356BE-DBEC-44BF-925F-E67E8FFB0D68}
		{813356BE-DBEC-44BF-925F-E67E8FFB0D68} = {0E4C32DB-315F-4310-89FF-89F794062BB2}
		{4B1D32D3-7918-4E58-8536-DD0BD82929A4} = {0E4C32DB-315F-4310-89FF-89F794062BB2}
		{C97C9D4C-3836-49DD-8D44-900FEB4D414A} = {0E4C32DB-315F-4310-89FF-89F794062BB2}
		{52988B5D-0740-44B7-99A5-A700F6EB3A21} = {4B1D32D3-7918-4E58-8536-DD0BD82929A4}
		{DC01BC45-7C25-4185-8204-7F9AEE961BD3} = {4B1D32D3-7918-4E58-8536-DD0BD82929A4}
		{913D4B19-67AF-46C4-BA7B-7308699C6287} = {4B1D32D3-7918-4E58-8536-DD0BD82929A4}
		{02F6348E-EB65-443B-B3FC-D8307E875B19} = {4B1D32D3-7918-4E58-8536-DD0BD82929A4}
		{AA937695-FDB0-402C-9C9B-1FF856DA0069} = {C97C9D4C-3836-49DD-8D44-900FEB4D414A}
		{0D225BA6-297A-48DD-A720-9F8FC1282792} = {C97C9D4C-3836-49DD-8D44-900FEB4D414A}
		{01F2A666-6C60-49AD-967B-EBD3BFE164C1} = {C97C9D4C-3836-49DD-8D44-900FEB4D414A}
		{9382F364-3913-4BA3-BA96-F6234E2EAE20} = {AF634BC1-2E00-44BB-9E39-8176105DAA4A}
	EndGlobalSection
	GlobalSection(ExtensibilityGlobals) = postSolution
		SolutionGuid = {B878A462-D9A3-43FD-8E21-F6CDD9394887}
	EndGlobalSection
EndGlobal
